<Solution>
  <Folder Name="/src/">
    <Project Path="src/VisualStates.Core/VisualStates.Core.csproj" />
    <Project Path="src/VisualStates.Runtime/VisualStates.Runtime.csproj" />
    <Project Path="src/VisualStates/VisualStates.csproj" />
  </Folder>
  <Folder Name="/tests/">
    <Project Path="tests/VisualStates.Tests/VisualStates.Tests.csproj" />
  </Folder>
</Solution>
